
Microsoft Visual Studio Solution File, Format Version 12.00
# Visual Studio Version 17
VisualStudioVersion = 17.4.33213.308
MinimumVisualStudioVersion = 10.0.40219.1
Project("{FAE04EC0-301F-11D3-BF4B-00C04F79EFBC}") = "OgrenciNotListesi", "OgrenciNotListesi\OgrenciNotListesi.csproj", "{95D20F38-CAFB-480D-B053-4DD41C0DE36A}"
EndProject
Global
	GlobalSection(SolutionConfigurationPlatforms) = preSolution
		Debug|Any CPU = Debug|Any CPU
		Release|Any CPU = Release|Any CPU
	EndGlobalSection
	GlobalSection(ProjectConfigurationPlatforms) = postSolution
		{95D20F38-CAFB-480D-B053-4DD41C0DE36A}.Debug|Any CPU.ActiveCfg = Debug|Any CPU
		{95D20F38-CAFB-480D-B053-4DD41C0DE36A}.Debug|Any CPU.Build.0 = Debug|Any CPU
		{95D20F38-CAFB-480D-B053-4DD41C0DE36A}.Release|Any CPU.ActiveCfg = Release|Any CPU
		{95D20F38-CAFB-480D-B053-4DD41C0DE36A}.Release|Any CPU.Build.0 = Release|Any CPU
	EndGlobalSection
	GlobalSection(SolutionProperties) = preSolution
		HideSolutionNode = FALSE
	EndGlobalSection
	GlobalSection(ExtensibilityGlobals) = postSolution
		SolutionGuid = {AF6F978A-3479-44DE-858D-C3E8D22F976D}
	EndGlobalSection
EndGlobal
